
Microsoft Visual Studio Solution File, Format Version 12.00
# Visual Studio 14
VisualStudioVersion = 14.0.23107.0
MinimumVisualStudioVersion = 10.0.40219.1
Project("{9092AA53-FB77-4645-B42D-1CCCA6BD08BD}") = "SoftwareEngineeringProblemsJavaScript", "src\SoftwareEngineeringProblemsJavaScript\SoftwareEngineeringProblemsJavaScript.njsproj", "{F2258249-4490-4EDC-94F7-823DB685B198}"
EndProject
Project("{9092AA53-FB77-4645-B42D-1CCCA6BD08BD}") = "SoftwareEngineeringProblemsJavaScript.Tests", "tests\SoftwareEngineeringProblemsJavaScript.Tests\SoftwareEngineeringProblemsJavaScript.Tests.njsproj", "{196C9C1C-782D-49DA-8162-896DA67B6E14}"
EndProject
Global
	GlobalSection(SolutionConfigurationPlatforms) = preSolution
		Debug|Any CPU = Debug|Any CPU
		Release|Any CPU = Release|Any CPU
	EndGlobalSection
	GlobalSection(ProjectConfigurationPlatforms) = postSolution
		{F2258249-4490-4EDC-94F7-823DB685B198}.Debug|Any CPU.ActiveCfg = Debug|Any CPU
		{F2258249-4490-4EDC-94F7-823DB685B198}.Debug|Any CPU.Build.0 = Debug|Any CPU
		{F2258249-4490-4EDC-94F7-823DB685B198}.Release|Any CPU.ActiveCfg = Release|Any CPU
		{F2258249-4490-4EDC-94F7-823DB685B198}.Release|Any CPU.Build.0 = Release|Any CPU
		{196C9C1C-782D-49DA-8162-896DA67B6E14}.Debug|Any CPU.ActiveCfg = Debug|Any CPU
		{196C9C1C-782D-49DA-8162-896DA67B6E14}.Debug|Any CPU.Build.0 = Debug|Any CPU
		{196C9C1C-782D-49DA-8162-896DA67B6E14}.Release|Any CPU.ActiveCfg = Release|Any CPU
		{196C9C1C-782D-49DA-8162-896DA67B6E14}.Release|Any CPU.Build.0 = Release|Any CPU
	EndGlobalSection
	GlobalSection(SolutionProperties) = preSolution
		HideSolutionNode = FALSE
	EndGlobalSection
EndGlobal
